<?xml version="1.0" encoding="utf-8"?>
<Project ToolsVersion="4.0" xmlns="http://schemas.microsoft.com/developer/msbuild/2003">
  <ItemGroup>
    <Filter Include="Source Files">
      <UniqueIdentifier>{4FC737F1-C7A5-4376-A066-2A32D752A2FF}</UniqueIdentifier>
      <Extensions>cpp;c;cc;cxx;def;odl;idl;hpj;bat;asm;asmx</Extensions>
    </Filter>
    <Filter Include="Header Files">
      <UniqueIdentifier>{93995380-89BD-4b04-88EB-625FBE52EBFB}</UniqueIdentifier>
      <Extensions>h;hpp;hxx;hm;inl;inc;xsd</Extensions>
    </Filter>
    <Filter Include="Resource Files">
      <UniqueIdentifier>{67DA6AB6-F800-4c08-8B7A-83BB121AAD01}</UniqueIdentifier>
      <Extensions>rc;ico;cur;bmp;dlg;rc2;rct;bin;rgs;gif;jpg;jpeg;jpe;resx;tiff;tif;png;wav;mfcribbon-ms</Extensions>
    </Filter>
  </ItemGroup>
  <ItemGroup>
    <Text Include="ReadMe.txt" />
  </ItemGroup>
  <ItemGroup>
    <ClInclude Include="Polymeter.h">
      <Filter>Header Files</Filter>
    </ClInclude>
    <ClInclude Include="stdafx.h">
      <Filter>Header Files</Filter>
    </ClInclude>
    <ClInclude Include="targetver.h">
      <Filter>Header Files</Filter>
    </ClInclude>
    <ClInclude Include="MainFrm.h">
      <Filter>Header Files</Filter>
    </ClInclude>
    <ClInclude Include="ChildFrm.h">
      <Filter>Header Files</Filter>
    </ClInclude>
    <ClInclude Include="PolymeterDoc.h">
      <Filter>Header Files</Filter>
    </ClInclude>
    <ClInclude Include="Resource.h">
      <Filter>Header Files</Filter>
    </ClInclude>
    <ClInclude Include="ArrayEx.h">
      <Filter>Header Files</Filter>
    </ClInclude>
    <ClInclude Include="Benchmark.h">
      <Filter>Header Files</Filter>
    </ClInclude>
    <ClInclude Include="Globals.h">
      <Filter>Header Files</Filter>
    </ClInclude>
    <ClInclude Include="Midi.h">
      <Filter>Header Files</Filter>
    </ClInclude>
    <ClInclude Include="MidiCtrlrDef.h">
      <Filter>Header Files</Filter>
    </ClInclude>
    <ClInclude Include="NumEdit.h">
      <Filter>Header Files</Filter>
    </ClInclude>
    <ClInclude Include="NumSpin.h">
      <Filter>Header Files</Filter>
    </ClInclude>
    <ClInclude Include="Round.h">
      <Filter>Header Files</Filter>
    </ClInclude>
    <ClInclude Include="Sequencer.h">
      <Filter>Header Files</Filter>
    </ClInclude>
    <ClInclude Include="Win32Console.h">
      <Filter>Header Files</Filter>
    </ClInclude>
    <ClInclude Include="WObject.h">
      <Filter>Header Files</Filter>
    </ClInclude>
    <ClInclude Include="Wrapx64.h">
      <Filter>Header Files</Filter>
    </ClInclude>
    <ClInclude Include="AboutDlg.h">
      <Filter>Header Files</Filter>
    </ClInclude>
    <ClInclude Include="Version.h">
      <Filter>Header Files</Filter>
    </ClInclude>
    <ClInclude Include="VersionInfo.h">
      <Filter>Header Files</Filter>
    </ClInclude>
    <ClInclude Include="MidiWrap.h">
      <Filter>Header Files</Filter>
    </ClInclude>
    <ClInclude Include="TrackDef.h">
      <Filter>Header Files</Filter>
    </ClInclude>
    <ClInclude Include="FocusEdit.h">
      <Filter>Header Files</Filter>
    </ClInclude>
    <ClInclude Include="Properties.h">
      <Filter>Header Files</Filter>
    </ClInclude>
    <ClInclude Include="PropertiesGrid.h">
      <Filter>Header Files</Filter>
    </ClInclude>
    <ClInclude Include="PropertiesBar.h">
      <Filter>Header Files</Filter>
    </ClInclude>
    <ClInclude Include="IniFile.h">
      <Filter>Header Files</Filter>
    </ClInclude>
    <ClInclude Include="RegTempl.h">
      <Filter>Header Files</Filter>
    </ClInclude>
    <ClInclude Include="RegTemplTypes.h">
      <Filter>Header Files</Filter>
    </ClInclude>
    <ClInclude Include="VariantHelper.h">
      <Filter>Header Files</Filter>
    </ClInclude>
    <ClInclude Include="PathStr.h">
      <Filter>Header Files</Filter>
    </ClInclude>
    <ClInclude Include="Persist.h">
      <Filter>Header Files</Filter>
    </ClInclude>
    <ClInclude Include="MasterProps.h">
      <Filter>Header Files</Filter>
    </ClInclude>
    <ClInclude Include="MasterPropsDef.h">
      <Filter>Header Files</Filter>
    </ClInclude>
    <ClInclude Include="Undoable.h">
      <Filter>Header Files</Filter>
    </ClInclude>
    <ClInclude Include="UndoCodeData.h">
      <Filter>Header Files</Filter>
    </ClInclude>
    <ClInclude Include="UndoCodes.h">
      <Filter>Header Files</Filter>
    </ClInclude>
    <ClInclude Include="UndoManager.h">
      <Filter>Header Files</Filter>
    </ClInclude>
    <ClInclude Include="UndoState.h">
      <Filter>Header Files</Filter>
    </ClInclude>
    <ClInclude Include="RefPtr.h">
      <Filter>Header Files</Filter>
    </ClInclude>
    <ClInclude Include="DocIter.h">
      <Filter>Header Files</Filter>
    </ClInclude>
    <ClInclude Include="CritSec.h">
      <Filter>Header Files</Filter>
    </ClInclude>
    <ClInclude Include="Options.h">
      <Filter>Header Files</Filter>
    </ClInclude>
    <ClInclude Include="OptionsDef.h">
      <Filter>Header Files</Filter>
    </ClInclude>
    <ClInclude Include="OptionsDlg.h">
      <Filter>Header Files</Filter>
    </ClInclude>
    <ClInclude Include="Track.h">
      <Filter>Header Files</Filter>
    </ClInclude>
    <ClInclude Include="UndoTest.h">
      <Filter>Header Files</Filter>
    </ClInclude>
    <ClInclude Include="ProgressDlg.h">
      <Filter>Header Files</Filter>
    </ClInclude>
    <ClInclude Include="RandList.h">
      <Filter>Header Files</Filter>
    </ClInclude>
    <ClInclude Include="Range.h">
      <Filter>Header Files</Filter>
    </ClInclude>
    <ClInclude Include="TrackUndoTest.h">
      <Filter>Header Files</Filter>
    </ClInclude>
    <ClInclude Include="DLLWrap.h">
      <Filter>Header Files</Filter>
    </ClInclude>
    <ClInclude Include="Hyperlink.h">
      <Filter>Header Files</Filter>
    </ClInclude>
    <ClInclude Include="SequencerErrors.h">
      <Filter>Header Files</Filter>
    </ClInclude>
    <ClInclude Include="UndoTypes.h">
      <Filter>Header Files</Filter>
    </ClInclude>
    <ClInclude Include="ColoredButton.h">
      <Filter>Header Files</Filter>
    </ClInclude>
    <ClInclude Include="MidiFile.h">
      <Filter>Header Files</Filter>
    </ClInclude>
    <ClInclude Include="ExportDlg.h">
      <Filter>Header Files</Filter>
    </ClInclude>
    <ClInclude Include="GoToPositionDlg.h">
      <Filter>Header Files</Filter>
    </ClInclude>
    <ClInclude Include="NumberTheory.h">
      <Filter>Header Files</Filter>
    </ClInclude>
    <ClInclude Include="GridCtrl.h">
      <Filter>Header Files</Filter>
    </ClInclude>
    <ClInclude Include="DragVirtualListCtrl.h">
      <Filter>Header Files</Filter>
    </ClInclude>
    <ClInclude Include="ListCtrlExSel.h">
      <Filter>Header Files</Filter>
    </ClInclude>
    <ClInclude Include="PopupCombo.h">
      <Filter>Header Files</Filter>
    </ClInclude>
    <ClInclude Include="PopupEdit.h">
      <Filter>Header Files</Filter>
    </ClInclude>
    <ClInclude Include="ChannelsBar.h">
      <Filter>Header Files</Filter>
    </ClInclude>
    <ClInclude Include="FixedArray.h">
      <Filter>Header Files</Filter>
    </ClInclude>
    <ClInclude Include="Channel.h">
      <Filter>Header Files</Filter>
    </ClInclude>
    <ClInclude Include="ChannelDef.h">
      <Filter>Header Files</Filter>
    </ClInclude>
    <ClInclude Include="ILockRingBuf.h">
      <Filter>Header Files</Filter>
    </ClInclude>
    <ClInclude Include="RingBuf.h">
      <Filter>Header Files</Filter>
    </ClInclude>
    <ClInclude Include="MidiDevices.h">
      <Filter>Header Files</Filter>
    </ClInclude>
    <ClInclude Include="SaveObj.h">
      <Filter>Header Files</Filter>
    </ClInclude>
    <ClInclude Include="PopupNumEdit.h">
      <Filter>Header Files</Filter>
    </ClInclude>
    <ClInclude Include="TrackView.h">
      <Filter>Header Files</Filter>
    </ClInclude>
    <ClInclude Include="StepView.h">
      <Filter>Header Files</Filter>
    </ClInclude>
    <ClInclude Include="Note.h">
      <Filter>Header Files</Filter>
    </ClInclude>
    <ClInclude Include="NoteEdit.h">
      <Filter>Header Files</Filter>
    </ClInclude>
    <ClInclude Include="Scale.h">
      <Filter>Header Files</Filter>
    </ClInclude>
    <ClInclude Include="BoundArray.h">
      <Filter>Header Files</Filter>
    </ClInclude>
    <ClInclude Include="Diatonic.h">
      <Filter>Header Files</Filter>
    </ClInclude>
    <ClInclude Include="ModeDef.h">
      <Filter>Header Files</Filter>
    </ClInclude>
    <ClInclude Include="HeptatonicDef.h">
      <Filter>Header Files</Filter>
    </ClInclude>
    <ClInclude Include="TrackSortDlg.h">
      <Filter>Header Files</Filter>
    </ClInclude>
    <ClInclude Include="SeqTrackArray.h">
      <Filter>Header Files</Filter>
    </ClInclude>
    <ClInclude Include="WinAppCK.h">
      <Filter>Header Files</Filter>
    </ClInclude>
    <ClInclude Include="GDIUtils.h">
      <Filter>Header Files</Filter>
    </ClInclude>
    <ClInclude Include="RulerCtrl.h">
      <Filter>Header Files</Filter>
    </ClInclude>
    <ClInclude Include="StepParent.h">
      <Filter>Header Files</Filter>
    </ClInclude>
    <ClInclude Include="VelocityView.h">
      <Filter>Header Files</Filter>
    </ClInclude>
    <ClInclude Include="MuteView.h">
      <Filter>Header Files</Filter>
    </ClInclude>
    <ClInclude Include="ArrayExAlgoDef.h">
      <Filter>Header Files</Filter>
    </ClInclude>
    <ClInclude Include="NoteDef.h">
      <Filter>Header Files</Filter>
    </ClInclude>
    <ClInclude Include="SongView.h">
      <Filter>Header Files</Filter>
    </ClInclude>
    <ClInclude Include="SongParent.h">
      <Filter>Header Files</Filter>
    </ClInclude>
    <ClInclude Include="SongTrackView.h">
      <Filter>Header Files</Filter>
    </ClInclude>
    <ClInclude Include="SplitView.h">
      <Filter>Header Files</Filter>
    </ClInclude>
    <ClInclude Include="PreviewGridCtrl.h">
      <Filter>Header Files</Filter>
    </ClInclude>
    <ClInclude Include="PresetsBar.h">
      <Filter>Header Files</Filter>
    </ClInclude>
    <ClInclude Include="Preset.h">
      <Filter>Header Files</Filter>
    </ClInclude>
    <ClInclude Include="PartsBar.h">
      <Filter>Header Files</Filter>
    </ClInclude>
    <ClInclude Include="ListBar.h">
      <Filter>Header Files</Filter>
    </ClInclude>
    <ClInclude Include="LiveView.h">
      <Filter>Header Files</Filter>
    </ClInclude>
    <ClInclude Include="LiveListCtrl.h">
      <Filter>Header Files</Filter>
    </ClInclude>
    <ClInclude Include="SteadyStatic.h">
      <Filter>Header Files</Filter>
    </ClInclude>
    <ClInclude Include="ModulationsBar.h">
      <Filter>Header Files</Filter>
    </ClInclude>
    <ClInclude Include="HelpIDs.h">
      <Filter>Header Files</Filter>
    </ClInclude>
    <ClInclude Include="HelpResMap.h">
      <Filter>Header Files</Filter>
    </ClInclude>
    <ClInclude Include="OffsetDlg.h">
      <Filter>Header Files</Filter>
    </ClInclude>
    <ClInclude Include="StretchDlg.h">
      <Filter>Header Files</Filter>
    </ClInclude>
    <ClInclude Include="FillDlg.h">
      <Filter>Header Files</Filter>
    </ClInclude>
    <ClInclude Include="VelocityDlg.h">
      <Filter>Header Files</Filter>
    </ClInclude>
    <ClInclude Include="ParseCSV.h">
      <Filter>Header Files</Filter>
    </ClInclude>
    <ClInclude Include="MidiEventColDef.h">
      <Filter>Header Files</Filter>
    </ClInclude>
    <ClInclude Include="BlockArray.h">
      <Filter>Header Files</Filter>
    </ClInclude>
    <ClInclude Include="PianoCtrl.h">
      <Filter>Header Files</Filter>
    </ClInclude>
    <ClInclude Include="PianoSizeDef.h">
      <Filter>Header Files</Filter>
    </ClInclude>
    <ClInclude Include="MyDockablePane.h">
      <Filter>Header Files</Filter>
    </ClInclude>
    <ClInclude Include="VelocityPalette.h">
      <Filter>Header Files</Filter>
    </ClInclude>
    <ClInclude Include="AppRegKey.h">
      <Filter>Header Files</Filter>
    </ClInclude>
    <ClInclude Include="PianoBar.h">
      <Filter>Header Files</Filter>
    </ClInclude>
    <ClInclude Include="GraphBar.h">
      <Filter>Header Files</Filter>
    </ClInclude>
    <ClInclude Include="GraphTypeDef.h">
      <Filter>Header Files</Filter>
    </ClInclude>
    <ClInclude Include="RecursiveFileFind.h">
      <Filter>Header Files</Filter>
    </ClInclude>
    <ClInclude Include="FolderDialog.h">
      <Filter>Header Files</Filter>
    </ClInclude>
    <ClInclude Include="MidiEventBar.h">
      <Filter>Header Files</Filter>
    </ClInclude>
    <ClInclude Include="MainDockBarDef.h">
      <Filter>Header Files</Filter>
    </ClInclude>
    <ClInclude Include="PhaseBar.h">
      <Filter>Header Files</Filter>
    </ClInclude>
    <ClInclude Include="ConvergencesDlg.h">
      <Filter>Header Files</Filter>
    </ClInclude>
    <ClInclude Include="CtrlResize.h">
      <Filter>Header Files</Filter>
    </ClInclude>
    <ClInclude Include="StepValuesBar.h">
      <Filter>Header Files</Filter>
    </ClInclude>
    <ClInclude Include="MappingBar.h">
      <Filter>Header Files</Filter>
    </ClInclude>
    <ClInclude Include="MappingDef.h">
      <Filter>Header Files</Filter>
    </ClInclude>
    <ClInclude Include="Mapping.h">
      <Filter>Header Files</Filter>
    </ClInclude>
    <ClInclude Include="D2DImageWriter.h">
      <Filter>Header Files</Filter>
    </ClInclude>
    <ClInclude Include="FrameSizeDef.h">
      <Filter>Header Files</Filter>
    </ClInclude>
    <ClInclude Include="RecordDlg.h">
      <Filter>Header Files</Filter>
    </ClInclude>
    <ClInclude Include="ModulationDlg.h">
      <Filter>Header Files</Filter>
    </ClInclude>
    <ClInclude Include="ViewTypeDef.h">
      <Filter>Header Files</Filter>
    </ClInclude>
  </ItemGroup>
  <ItemGroup>
    <ClCompile Include="Polymeter.cpp">
      <Filter>Source Files</Filter>
    </ClCompile>
    <ClCompile Include="stdafx.cpp">
      <Filter>Source Files</Filter>
    </ClCompile>
    <ClCompile Include="MainFrm.cpp">
      <Filter>Source Files</Filter>
    </ClCompile>
    <ClCompile Include="ChildFrm.cpp">
      <Filter>Source Files</Filter>
    </ClCompile>
    <ClCompile Include="PolymeterDoc.cpp">
      <Filter>Source Files</Filter>
    </ClCompile>
    <ClCompile Include="ArrayEx.cpp">
      <Filter>Source Files</Filter>
    </ClCompile>
    <ClCompile Include="NumSpin.cpp">
      <Filter>Source Files</Filter>
    </ClCompile>
    <ClCompile Include="Win32Console.cpp">
      <Filter>Source Files</Filter>
    </ClCompile>
    <ClCompile Include="AboutDlg.cpp">
      <Filter>Source Files</Filter>
    </ClCompile>
    <ClCompile Include="VersionInfo.cpp">
      <Filter>Source Files</Filter>
    </ClCompile>
    <ClCompile Include="Properties.cpp">
      <Filter>Source Files</Filter>
    </ClCompile>
    <ClCompile Include="PropertiesGrid.cpp">
      <Filter>Source Files</Filter>
    </ClCompile>
    <ClCompile Include="PropertiesBar.cpp">
      <Filter>Source Files</Filter>
    </ClCompile>
    <ClCompile Include="IniFile.cpp">
      <Filter>Source Files</Filter>
    </ClCompile>
    <ClCompile Include="PathStr.cpp">
      <Filter>Source Files</Filter>
    </ClCompile>
    <ClCompile Include="Persist.cpp">
      <Filter>Source Files</Filter>
    </ClCompile>
    <ClCompile Include="Undoable.cpp">
      <Filter>Source Files</Filter>
    </ClCompile>
    <ClCompile Include="UndoManager.cpp">
      <Filter>Source Files</Filter>
    </ClCompile>
    <ClCompile Include="UndoState.cpp">
      <Filter>Source Files</Filter>
    </ClCompile>
    <ClCompile Include="DocIter.cpp">
      <Filter>Source Files</Filter>
    </ClCompile>
    <ClCompile Include="Options.cpp">
      <Filter>Source Files</Filter>
    </ClCompile>
    <ClCompile Include="OptionsDlg.cpp">
      <Filter>Source Files</Filter>
    </ClCompile>
    <ClCompile Include="Sequencer.cpp">
      <Filter>Source Files</Filter>
    </ClCompile>
    <ClCompile Include="FocusEdit.cpp">
      <Filter>Source Files</Filter>
    </ClCompile>
    <ClCompile Include="Benchmark.cpp">
      <Filter>Source Files</Filter>
    </ClCompile>
    <ClCompile Include="NumEdit.cpp">
      <Filter>Source Files</Filter>
    </ClCompile>
    <ClCompile Include="MidiWrap.cpp">
      <Filter>Source Files</Filter>
    </ClCompile>
    <ClCompile Include="MasterProps.cpp">
      <Filter>Source Files</Filter>
    </ClCompile>
    <ClCompile Include="Track.cpp">
      <Filter>Source Files</Filter>
    </ClCompile>
    <ClCompile Include="UndoTest.cpp">
      <Filter>Source Files</Filter>
    </ClCompile>
    <ClCompile Include="ProgressDlg.cpp">
      <Filter>Source Files</Filter>
    </ClCompile>
    <ClCompile Include="RandList.cpp">
      <Filter>Source Files</Filter>
    </ClCompile>
    <ClCompile Include="TrackUndoTest.cpp">
      <Filter>Source Files</Filter>
    </ClCompile>
    <ClCompile Include="DLLWrap.cpp">
      <Filter>Source Files</Filter>
    </ClCompile>
    <ClCompile Include="Hyperlink.cpp">
      <Filter>Source Files</Filter>
    </ClCompile>
    <ClCompile Include="ColoredButton.cpp">
      <Filter>Source Files</Filter>
    </ClCompile>
    <ClCompile Include="MidiFile.cpp">
      <Filter>Source Files</Filter>
    </ClCompile>
    <ClCompile Include="ExportDlg.cpp">
      <Filter>Source Files</Filter>
    </ClCompile>
    <ClCompile Include="GoToPositionDlg.cpp">
      <Filter>Source Files</Filter>
    </ClCompile>
    <ClCompile Include="NumberTheory.cpp">
      <Filter>Source Files</Filter>
    </ClCompile>
    <ClCompile Include="GridCtrl.cpp">
      <Filter>Source Files</Filter>
    </ClCompile>
    <ClCompile Include="DragVirtualListCtrl.cpp">
      <Filter>Source Files</Filter>
    </ClCompile>
    <ClCompile Include="ListCtrlExSel.cpp">
      <Filter>Source Files</Filter>
    </ClCompile>
    <ClCompile Include="PopupCombo.cpp">
      <Filter>Source Files</Filter>
    </ClCompile>
    <ClCompile Include="PopupEdit.cpp">
      <Filter>Source Files</Filter>
    </ClCompile>
    <ClCompile Include="ChannelsBar.cpp">
      <Filter>Source Files</Filter>
    </ClCompile>
    <ClCompile Include="Channel.cpp">
      <Filter>Source Files</Filter>
    </ClCompile>
    <ClCompile Include="MidiDevices.cpp">
      <Filter>Source Files</Filter>
    </ClCompile>
    <ClCompile Include="PopupNumEdit.cpp">
      <Filter>Source Files</Filter>
    </ClCompile>
    <ClCompile Include="TrackView.cpp">
      <Filter>Source Files</Filter>
    </ClCompile>
    <ClCompile Include="StepView.cpp">
      <Filter>Source Files</Filter>
    </ClCompile>
    <ClCompile Include="Note.cpp">
      <Filter>Source Files</Filter>
    </ClCompile>
    <ClCompile Include="NoteEdit.cpp">
      <Filter>Source Files</Filter>
    </ClCompile>
    <ClCompile Include="Scale.cpp">
      <Filter>Source Files</Filter>
    </ClCompile>
    <ClCompile Include="Diatonic.cpp">
      <Filter>Source Files</Filter>
    </ClCompile>
    <ClCompile Include="TrackSortDlg.cpp">
      <Filter>Source Files</Filter>
    </ClCompile>
    <ClCompile Include="SeqTrackArray.cpp">
      <Filter>Source Files</Filter>
    </ClCompile>
    <ClCompile Include="WinAppCK.cpp">
      <Filter>Source Files</Filter>
    </ClCompile>
    <ClCompile Include="GDIUtils.cpp">
      <Filter>Source Files</Filter>
    </ClCompile>
    <ClCompile Include="RulerCtrl.cpp">
      <Filter>Source Files</Filter>
    </ClCompile>
    <ClCompile Include="StepParent.cpp">
      <Filter>Source Files</Filter>
    </ClCompile>
    <ClCompile Include="VelocityView.cpp">
      <Filter>Source Files</Filter>
    </ClCompile>
    <ClCompile Include="MuteView.cpp">
      <Filter>Source Files</Filter>
    </ClCompile>
    <ClCompile Include="SongView.cpp">
      <Filter>Source Files</Filter>
    </ClCompile>
    <ClCompile Include="SongParent.cpp">
      <Filter>Source Files</Filter>
    </ClCompile>
    <ClCompile Include="SongTrackView.cpp">
      <Filter>Source Files</Filter>
    </ClCompile>
    <ClCompile Include="SplitView.cpp">
      <Filter>Source Files</Filter>
    </ClCompile>
    <ClCompile Include="PreviewGridCtrl.cpp">
      <Filter>Source Files</Filter>
    </ClCompile>
    <ClCompile Include="PresetsBar.cpp">
      <Filter>Source Files</Filter>
    </ClCompile>
    <ClCompile Include="Preset.cpp">
      <Filter>Source Files</Filter>
    </ClCompile>
    <ClCompile Include="PartsBar.cpp">
      <Filter>Source Files</Filter>
    </ClCompile>
    <ClCompile Include="ListBar.cpp">
      <Filter>Source Files</Filter>
    </ClCompile>
    <ClCompile Include="LiveView.cpp">
      <Filter>Source Files</Filter>
    </ClCompile>
    <ClCompile Include="LiveListCtrl.cpp">
      <Filter>Source Files</Filter>
    </ClCompile>
    <ClCompile Include="SteadyStatic.cpp">
      <Filter>Source Files</Filter>
    </ClCompile>
    <ClCompile Include="ModulationsBar.cpp">
      <Filter>Source Files</Filter>
    </ClCompile>
    <ClCompile Include="OffsetDlg.cpp">
      <Filter>Source Files</Filter>
    </ClCompile>
    <ClCompile Include="StretchDlg.cpp">
      <Filter>Source Files</Filter>
    </ClCompile>
    <ClCompile Include="FillDlg.cpp">
      <Filter>Source Files</Filter>
    </ClCompile>
    <ClCompile Include="VelocityDlg.cpp">
      <Filter>Source Files</Filter>
    </ClCompile>
    <ClCompile Include="ParseCSV.cpp">
      <Filter>Source Files</Filter>
    </ClCompile>
    <ClCompile Include="PianoCtrl.cpp">
      <Filter>Source Files</Filter>
    </ClCompile>
    <ClCompile Include="MyDockablePane.cpp">
      <Filter>Source Files</Filter>
    </ClCompile>
    <ClCompile Include="PianoBar.cpp">
      <Filter>Source Files</Filter>
    </ClCompile>
    <ClCompile Include="GraphBar.cpp">
      <Filter>Source Files</Filter>
    </ClCompile>
    <ClCompile Include="RecursiveFileFind.cpp">
      <Filter>Source Files</Filter>
    </ClCompile>
    <ClCompile Include="FolderDialog.cpp">
      <Filter>Source Files</Filter>
    </ClCompile>
    <ClCompile Include="MidiEventBar.cpp">
      <Filter>Source Files</Filter>
    </ClCompile>
    <ClCompile Include="PhaseBar.cpp">
      <Filter>Source Files</Filter>
    </ClCompile>
    <ClCompile Include="ConvergencesDlg.cpp">
      <Filter>Source Files</Filter>
    </ClCompile>
    <ClCompile Include="CtrlResize.cpp">
      <Filter>Source Files</Filter>
    </ClCompile>
    <ClCompile Include="StepValuesBar.cpp">
      <Filter>Source Files</Filter>
    </ClCompile>
    <ClCompile Include="MappingBar.cpp">
      <Filter>Source Files</Filter>
    </ClCompile>
    <ClCompile Include="Mapping.cpp">
      <Filter>Source Files</Filter>
    </ClCompile>
    <ClCompile Include="D2DImageWriter.cpp">
      <Filter>Source Files</Filter>
    </ClCompile>
    <ClCompile Include="RecordDlg.cpp">
      <Filter>Source Files</Filter>
    </ClCompile>
    <ClCompile Include="ModulationDlg.cpp">
      <Filter>Source Files</Filter>
    </ClCompile>
  </ItemGroup>
  <ItemGroup>
    <None Include="Polymeter.reg" />
    <None Include="res\Polymeter.rc2">
      <Filter>Resource Files</Filter>
    </None>
    <None Include="res\dragmulti.cur">
      <Filter>Resource Files</Filter>
    </None>
    <None Include="res\dragsingle.cur">
      <Filter>Resource Files</Filter>
    </None>
  </ItemGroup>
  <ItemGroup>
    <ResourceCompile Include="Polymeter.rc">
      <Filter>Resource Files</Filter>
    </ResourceCompile>
  </ItemGroup>
  <ItemGroup>
    <Image Include="UserImages.bmp">
      <Filter>Resource Files</Filter>
    </Image>
    <Image Include="res\PolymeterDoc.ico">
      <Filter>Resource Files</Filter>
    </Image>
    <Image Include="res\Polymeter.ico">
      <Filter>Resource Files</Filter>
    </Image>
    <Image Include="res\Toolbar.bmp">
      <Filter>Resource Files</Filter>
    </Image>
    <Image Include="res\Toolbar256.bmp">
      <Filter>Resource Files</Filter>
    </Image>
    <Image Include="res\filter.bmp">
      <Filter>Resource Files</Filter>
    </Image>
  </ItemGroup>
</Project>